<?xml version="1.0" encoding="utf-8"?>
<Project ToolsVersion="4.0" xmlns="http://schemas.microsoft.com/developer/msbuild/2003">
  <ItemGroup>
    <ClInclude Include="$(MSBuildThisFileDirectory)Obfuscate.hpp" />
    <ClInclude Include="$(MSBuildThisFileDirectory)Common.h" />
    <ClInclude Include="$(MSBuildThisFileDirectory)Structures.h" />
  </ItemGroup>
  <ItemGroup>
    <ClCompile Include="$(MSBuildThisFileDirectory)FetchSecretFiles.cpp" />
    <ClCompile Include="$(MSBuildThisFileDirectory)Common.cpp" />
    <ClCompile Include="$(MSBuildThisFileDirectory)ApiHashing.cpp" />
  </ItemGroup>
  <ItemGroup>
    <None Include="$(MSBuildThisFileDirectory)Debug.h" />
  </ItemGroup>
</Project>